
Microsoft Visual Studio Solution File, Format Version 12.00
# Visual Studio Version 16
VisualStudioVersion = 16.0.29001.49
MinimumVisualStudioVersion = 10.0.40219.1
Project("{FAE04EC0-301F-11D3-BF4B-00C04F79EFBC}") = "Homework", "Homework\Homework.csproj", "{26302D30-317D-4DAF-96E3-8115C465E7AB}"
EndProject
Global
	GlobalSection(SolutionConfigurationPlatforms) = preSolution
		Debug|Any CPU = Debug|Any CPU
		Release|Any CPU = Release|Any CPU
	EndGlobalSection
	GlobalSection(ProjectConfigurationPlatforms) = postSolution
		{26302D30-317D-4DAF-96E3-8115C465E7AB}.Debug|Any CPU.ActiveCfg = Debug|Any CPU
		{26302D30-317D-4DAF-96E3-8115C465E7AB}.Debug|Any CPU.Build.0 = Debug|Any CPU
		{26302D30-317D-4DAF-96E3-8115C465E7AB}.Release|Any CPU.ActiveCfg = Release|Any CPU
		{26302D30-317D-4DAF-96E3-8115C465E7AB}.Release|Any CPU.Build.0 = Release|Any CPU
	EndGlobalSection
	GlobalSection(SolutionProperties) = preSolution
		HideSolutionNode = FALSE
	EndGlobalSection
	GlobalSection(ExtensibilityGlobals) = postSolution
		SolutionGuid = {0A488C49-A150-415B-B307-293DF01F820F}
	EndGlobalSection
EndGlobal
